
Microsoft Visual Studio Solution File, Format Version 12.00
# Visual Studio 15
VisualStudioVersion = 15.0.27703.2035
MinimumVisualStudioVersion = 10.0.40219.1
Project("{2150E333-8FDC-42A3-9474-1A3956D46DE8}") = "ClientApp", "ClientApp", "{4276D2C4-C53F-431C-A82A-CE8F1DD3CF26}"
EndProject
Project("{2150E333-8FDC-42A3-9474-1A3956D46DE8}") = "Common", "Common", "{2BA9B801-8F58-4B63-B289-20A71566348B}"
EndProject
Project("{2150E333-8FDC-42A3-9474-1A3956D46DE8}") = "ServerApp", "ServerApp", "{FCEC5AD6-7D59-451D-B3B8-E7BD56FE5912}"
EndProject
Project("{2150E333-8FDC-42A3-9474-1A3956D46DE8}") = "1. Data Access Layer", "1. Data Access Layer", "{7F9EA143-273B-4E3B-A7A2-F2D2808C8429}"
EndProject
Project("{2150E333-8FDC-42A3-9474-1A3956D46DE8}") = "2. Domain Layer", "2. Domain Layer", "{355E718B-8DCA-4B7A-9CC1-3C7682D16C6F}"
EndProject
Project("{2150E333-8FDC-42A3-9474-1A3956D46DE8}") = "3. Service Layer", "3. Service Layer", "{0DEB871E-8323-4D8B-BAC0-9C5C6D2C5642}"
EndProject
Project("{2150E333-8FDC-42A3-9474-1A3956D46DE8}") = "4. Presentation Layer", "4. Presentation Layer", "{30908097-8334-437B-9361-E0ED1F5FBE36}"
EndProject
Project("{9A19103F-16F7-4668-BE54-9A1E7A4F7556}") = "DomainCore", "DomainCore\DomainCore.csproj", "{FA46BC7F-4F20-4C43-9AEE-D82D5F9CEDFD}"
EndProject
Project("{9A19103F-16F7-4668-BE54-9A1E7A4F7556}") = "RepositoryCore", "RepositoryCore\RepositoryCore.csproj", "{B740D3DF-5536-4915-9FBE-86B46E853F9D}"
EndProject
Project("{9A19103F-16F7-4668-BE54-9A1E7A4F7556}") = "Configurator", "Configurator\Configurator.csproj", "{4B3D67E5-8CA6-4220-8780-5DD696EB1821}"
EndProject
Project("{9A19103F-16F7-4668-BE54-9A1E7A4F7556}") = "DataMapper", "DataMapper\DataMapper.csproj", "{44F3091B-AA0E-463C-8680-84E786218750}"
EndProject
Project("{9A19103F-16F7-4668-BE54-9A1E7A4F7556}") = "ServiceCore", "ServiceCore\ServiceCore.csproj", "{A2173BE2-4F86-4D89-B759-C1289398620E}"
EndProject
Project("{2150E333-8FDC-42A3-9474-1A3956D46DE8}") = "1. Service Layer", "1. Service Layer", "{549E8DFE-68DD-4C8C-9291-1C4562A9CB0F}"
EndProject
Project("{2150E333-8FDC-42A3-9474-1A3956D46DE8}") = "2. Presentation Layer", "2. Presentation Layer", "{46496D7A-04A9-431F-9A7C-EBB8AFEEE11E}"
EndProject
Project("{FAE04EC0-301F-11D3-BF4B-00C04F79EFBC}") = "ApiExtension", "ApiExtension\ApiExtension.csproj", "{BA22AFD7-2144-4F0D-A1FF-0D1EA86C8D3F}"
EndProject
Project("{FAE04EC0-301F-11D3-BF4B-00C04F79EFBC}") = "ServiceInterfaces", "ServiceInterfaces\ServiceInterfaces.csproj", "{C4CB4F82-733E-4C83-9B84-0B597D6699AD}"
EndProject
Project("{FAE04EC0-301F-11D3-BF4B-00C04F79EFBC}") = "ServiceWebApi", "ServiceWebApi\ServiceWebApi.csproj", "{C292422A-6914-4953-8657-DF6C1C898316}"
EndProject
Project("{9A19103F-16F7-4668-BE54-9A1E7A4F7556}") = "SirmiumERPWeb", "SirmiumERPWeb\SirmiumERPWeb.csproj", "{B4D9C398-6A23-4C8D-945B-5133C5D58961}"
EndProject
Project("{FAE04EC0-301F-11D3-BF4B-00C04F79EFBC}") = "SirmiumERPGFC", "SirmiumERPGFC\SirmiumERPGFC.csproj", "{4006EE9B-F96D-40F8-92E8-FCB9CF1EFB05}"
EndProject
Project("{FAE04EC0-301F-11D3-BF4B-00C04F79EFBC}") = "GlobalValidations", "GlobalValidations\GlobalValidations.csproj", "{1AFDD4F3-1326-47A1-95AB-F73814AF1FAB}"
EndProject
Project("{FAE04EC0-301F-11D3-BF4B-00C04F79EFBC}") = "WpfAppCommonCode", "WpfAppCommonCode\WpfAppCommonCode.csproj", "{91CE9CE1-3FB7-4699-970C-9F95CFC8B586}"
EndProject
Global
	GlobalSection(SolutionConfigurationPlatforms) = preSolution
		Debug|Any CPU = Debug|Any CPU
		Debug|x86 = Debug|x86
		Release|Any CPU = Release|Any CPU
		Release|x86 = Release|x86
	EndGlobalSection
	GlobalSection(ProjectConfigurationPlatforms) = postSolution
		{FA46BC7F-4F20-4C43-9AEE-D82D5F9CEDFD}.Debug|Any CPU.ActiveCfg = Debug|Any CPU
		{FA46BC7F-4F20-4C43-9AEE-D82D5F9CEDFD}.Debug|Any CPU.Build.0 = Debug|Any CPU
		{FA46BC7F-4F20-4C43-9AEE-D82D5F9CEDFD}.Debug|x86.ActiveCfg = Debug|Any CPU
		{FA46BC7F-4F20-4C43-9AEE-D82D5F9CEDFD}.Debug|x86.Build.0 = Debug|Any CPU
		{FA46BC7F-4F20-4C43-9AEE-D82D5F9CEDFD}.Release|Any CPU.ActiveCfg = Release|Any CPU
		{FA46BC7F-4F20-4C43-9AEE-D82D5F9CEDFD}.Release|Any CPU.Build.0 = Release|Any CPU
		{FA46BC7F-4F20-4C43-9AEE-D82D5F9CEDFD}.Release|x86.ActiveCfg = Release|Any CPU
		{FA46BC7F-4F20-4C43-9AEE-D82D5F9CEDFD}.Release|x86.Build.0 = Release|Any CPU
		{B740D3DF-5536-4915-9FBE-86B46E853F9D}.Debug|Any CPU.ActiveCfg = Debug|Any CPU
		{B740D3DF-5536-4915-9FBE-86B46E853F9D}.Debug|Any CPU.Build.0 = Debug|Any CPU
		{B740D3DF-5536-4915-9FBE-86B46E853F9D}.Debug|x86.ActiveCfg = Debug|Any CPU
		{B740D3DF-5536-4915-9FBE-86B46E853F9D}.Debug|x86.Build.0 = Debug|Any CPU
		{B740D3DF-5536-4915-9FBE-86B46E853F9D}.Release|Any CPU.ActiveCfg = Release|Any CPU
		{B740D3DF-5536-4915-9FBE-86B46E853F9D}.Release|Any CPU.Build.0 = Release|Any CPU
		{B740D3DF-5536-4915-9FBE-86B46E853F9D}.Release|x86.ActiveCfg = Release|Any CPU
		{B740D3DF-5536-4915-9FBE-86B46E853F9D}.Release|x86.Build.0 = Release|Any CPU
		{4B3D67E5-8CA6-4220-8780-5DD696EB1821}.Debug|Any CPU.ActiveCfg = Debug|Any CPU
		{4B3D67E5-8CA6-4220-8780-5DD696EB1821}.Debug|Any CPU.Build.0 = Debug|Any CPU
		{4B3D67E5-8CA6-4220-8780-5DD696EB1821}.Debug|x86.ActiveCfg = Debug|Any CPU
		{4B3D67E5-8CA6-4220-8780-5DD696EB1821}.Debug|x86.Build.0 = Debug|Any CPU
		{4B3D67E5-8CA6-4220-8780-5DD696EB1821}.Release|Any CPU.ActiveCfg = Release|Any CPU
		{4B3D67E5-8CA6-4220-8780-5DD696EB1821}.Release|Any CPU.Build.0 = Release|Any CPU
		{4B3D67E5-8CA6-4220-8780-5DD696EB1821}.Release|x86.ActiveCfg = Release|Any CPU
		{4B3D67E5-8CA6-4220-8780-5DD696EB1821}.Release|x86.Build.0 = Release|Any CPU
		{44F3091B-AA0E-463C-8680-84E786218750}.Debug|Any CPU.ActiveCfg = Debug|Any CPU
		{44F3091B-AA0E-463C-8680-84E786218750}.Debug|Any CPU.Build.0 = Debug|Any CPU
		{44F3091B-AA0E-463C-8680-84E786218750}.Debug|x86.ActiveCfg = Debug|Any CPU
		{44F3091B-AA0E-463C-8680-84E786218750}.Debug|x86.Build.0 = Debug|Any CPU
		{44F3091B-AA0E-463C-8680-84E786218750}.Release|Any CPU.ActiveCfg = Release|Any CPU
		{44F3091B-AA0E-463C-8680-84E786218750}.Release|Any CPU.Build.0 = Release|Any CPU
		{44F3091B-AA0E-463C-8680-84E786218750}.Release|x86.ActiveCfg = Release|Any CPU
		{44F3091B-AA0E-463C-8680-84E786218750}.Release|x86.Build.0 = Release|Any CPU
		{A2173BE2-4F86-4D89-B759-C1289398620E}.Debug|Any CPU.ActiveCfg = Debug|Any CPU
		{A2173BE2-4F86-4D89-B759-C1289398620E}.Debug|Any CPU.Build.0 = Debug|Any CPU
		{A2173BE2-4F86-4D89-B759-C1289398620E}.Debug|x86.ActiveCfg = Debug|Any CPU
		{A2173BE2-4F86-4D89-B759-C1289398620E}.Debug|x86.Build.0 = Debug|Any CPU
		{A2173BE2-4F86-4D89-B759-C1289398620E}.Release|Any CPU.ActiveCfg = Release|Any CPU
		{A2173BE2-4F86-4D89-B759-C1289398620E}.Release|Any CPU.Build.0 = Release|Any CPU
		{A2173BE2-4F86-4D89-B759-C1289398620E}.Release|x86.ActiveCfg = Release|Any CPU
		{A2173BE2-4F86-4D89-B759-C1289398620E}.Release|x86.Build.0 = Release|Any CPU
		{BA22AFD7-2144-4F0D-A1FF-0D1EA86C8D3F}.Debug|Any CPU.ActiveCfg = Debug|Any CPU
		{BA22AFD7-2144-4F0D-A1FF-0D1EA86C8D3F}.Debug|Any CPU.Build.0 = Debug|Any CPU
		{BA22AFD7-2144-4F0D-A1FF-0D1EA86C8D3F}.Debug|x86.ActiveCfg = Debug|Any CPU
		{BA22AFD7-2144-4F0D-A1FF-0D1EA86C8D3F}.Debug|x86.Build.0 = Debug|Any CPU
		{BA22AFD7-2144-4F0D-A1FF-0D1EA86C8D3F}.Release|Any CPU.ActiveCfg = Release|Any CPU
		{BA22AFD7-2144-4F0D-A1FF-0D1EA86C8D3F}.Release|Any CPU.Build.0 = Release|Any CPU
		{BA22AFD7-2144-4F0D-A1FF-0D1EA86C8D3F}.Release|x86.ActiveCfg = Release|Any CPU
		{BA22AFD7-2144-4F0D-A1FF-0D1EA86C8D3F}.Release|x86.Build.0 = Release|Any CPU
		{C4CB4F82-733E-4C83-9B84-0B597D6699AD}.Debug|Any CPU.ActiveCfg = Debug|Any CPU
		{C4CB4F82-733E-4C83-9B84-0B597D6699AD}.Debug|Any CPU.Build.0 = Debug|Any CPU
		{C4CB4F82-733E-4C83-9B84-0B597D6699AD}.Debug|x86.ActiveCfg = Debug|Any CPU
		{C4CB4F82-733E-4C83-9B84-0B597D6699AD}.Debug|x86.Build.0 = Debug|Any CPU
		{C4CB4F82-733E-4C83-9B84-0B597D6699AD}.Release|Any CPU.ActiveCfg = Release|Any CPU
		{C4CB4F82-733E-4C83-9B84-0B597D6699AD}.Release|Any CPU.Build.0 = Release|Any CPU
		{C4CB4F82-733E-4C83-9B84-0B597D6699AD}.Release|x86.ActiveCfg = Release|Any CPU
		{C4CB4F82-733E-4C83-9B84-0B597D6699AD}.Release|x86.Build.0 = Release|Any CPU
		{C292422A-6914-4953-8657-DF6C1C898316}.Debug|Any CPU.ActiveCfg = Debug|Any CPU
		{C292422A-6914-4953-8657-DF6C1C898316}.Debug|Any CPU.Build.0 = Debug|Any CPU
		{C292422A-6914-4953-8657-DF6C1C898316}.Debug|x86.ActiveCfg = Debug|Any CPU
		{C292422A-6914-4953-8657-DF6C1C898316}.Debug|x86.Build.0 = Debug|Any CPU
		{C292422A-6914-4953-8657-DF6C1C898316}.Release|Any CPU.ActiveCfg = Release|Any CPU
		{C292422A-6914-4953-8657-DF6C1C898316}.Release|Any CPU.Build.0 = Release|Any CPU
		{C292422A-6914-4953-8657-DF6C1C898316}.Release|x86.ActiveCfg = Release|Any CPU
		{C292422A-6914-4953-8657-DF6C1C898316}.Release|x86.Build.0 = Release|Any CPU
		{B4D9C398-6A23-4C8D-945B-5133C5D58961}.Debug|Any CPU.ActiveCfg = Debug|Any CPU
		{B4D9C398-6A23-4C8D-945B-5133C5D58961}.Debug|Any CPU.Build.0 = Debug|Any CPU
		{B4D9C398-6A23-4C8D-945B-5133C5D58961}.Debug|x86.ActiveCfg = Debug|Any CPU
		{B4D9C398-6A23-4C8D-945B-5133C5D58961}.Debug|x86.Build.0 = Debug|Any CPU
		{B4D9C398-6A23-4C8D-945B-5133C5D58961}.Release|Any CPU.ActiveCfg = Release|Any CPU
		{B4D9C398-6A23-4C8D-945B-5133C5D58961}.Release|Any CPU.Build.0 = Release|Any CPU
		{B4D9C398-6A23-4C8D-945B-5133C5D58961}.Release|x86.ActiveCfg = Release|Any CPU
		{B4D9C398-6A23-4C8D-945B-5133C5D58961}.Release|x86.Build.0 = Release|Any CPU
		{4006EE9B-F96D-40F8-92E8-FCB9CF1EFB05}.Debug|Any CPU.ActiveCfg = Debug|Any CPU
		{4006EE9B-F96D-40F8-92E8-FCB9CF1EFB05}.Debug|Any CPU.Build.0 = Debug|Any CPU
		{4006EE9B-F96D-40F8-92E8-FCB9CF1EFB05}.Debug|x86.ActiveCfg = Debug|Any CPU
		{4006EE9B-F96D-40F8-92E8-FCB9CF1EFB05}.Debug|x86.Build.0 = Debug|Any CPU
		{4006EE9B-F96D-40F8-92E8-FCB9CF1EFB05}.Release|Any CPU.ActiveCfg = Release|Any CPU
		{4006EE9B-F96D-40F8-92E8-FCB9CF1EFB05}.Release|Any CPU.Build.0 = Release|Any CPU
		{4006EE9B-F96D-40F8-92E8-FCB9CF1EFB05}.Release|x86.ActiveCfg = Release|Any CPU
		{4006EE9B-F96D-40F8-92E8-FCB9CF1EFB05}.Release|x86.Build.0 = Release|Any CPU
		{1AFDD4F3-1326-47A1-95AB-F73814AF1FAB}.Debug|Any CPU.ActiveCfg = Debug|Any CPU
		{1AFDD4F3-1326-47A1-95AB-F73814AF1FAB}.Debug|Any CPU.Build.0 = Debug|Any CPU
		{1AFDD4F3-1326-47A1-95AB-F73814AF1FAB}.Debug|x86.ActiveCfg = Debug|Any CPU
		{1AFDD4F3-1326-47A1-95AB-F73814AF1FAB}.Debug|x86.Build.0 = Debug|Any CPU
		{1AFDD4F3-1326-47A1-95AB-F73814AF1FAB}.Release|Any CPU.ActiveCfg = Release|Any CPU
		{1AFDD4F3-1326-47A1-95AB-F73814AF1FAB}.Release|Any CPU.Build.0 = Release|Any CPU
		{1AFDD4F3-1326-47A1-95AB-F73814AF1FAB}.Release|x86.ActiveCfg = Release|Any CPU
		{1AFDD4F3-1326-47A1-95AB-F73814AF1FAB}.Release|x86.Build.0 = Release|Any CPU
		{91CE9CE1-3FB7-4699-970C-9F95CFC8B586}.Debug|Any CPU.ActiveCfg = Debug|Any CPU
		{91CE9CE1-3FB7-4699-970C-9F95CFC8B586}.Debug|Any CPU.Build.0 = Debug|Any CPU
		{91CE9CE1-3FB7-4699-970C-9F95CFC8B586}.Debug|x86.ActiveCfg = Debug|Any CPU
		{91CE9CE1-3FB7-4699-970C-9F95CFC8B586}.Debug|x86.Build.0 = Debug|Any CPU
		{91CE9CE1-3FB7-4699-970C-9F95CFC8B586}.Release|Any CPU.ActiveCfg = Release|Any CPU
		{91CE9CE1-3FB7-4699-970C-9F95CFC8B586}.Release|Any CPU.Build.0 = Release|Any CPU
		{91CE9CE1-3FB7-4699-970C-9F95CFC8B586}.Release|x86.ActiveCfg = Release|Any CPU
		{91CE9CE1-3FB7-4699-970C-9F95CFC8B586}.Release|x86.Build.0 = Release|Any CPU
	EndGlobalSection
	GlobalSection(SolutionProperties) = preSolution
		HideSolutionNode = FALSE
	EndGlobalSection
	GlobalSection(NestedProjects) = preSolution
		{7F9EA143-273B-4E3B-A7A2-F2D2808C8429} = {FCEC5AD6-7D59-451D-B3B8-E7BD56FE5912}
		{355E718B-8DCA-4B7A-9CC1-3C7682D16C6F} = {FCEC5AD6-7D59-451D-B3B8-E7BD56FE5912}
		{0DEB871E-8323-4D8B-BAC0-9C5C6D2C5642} = {FCEC5AD6-7D59-451D-B3B8-E7BD56FE5912}
		{30908097-8334-437B-9361-E0ED1F5FBE36} = {FCEC5AD6-7D59-451D-B3B8-E7BD56FE5912}
		{FA46BC7F-4F20-4C43-9AEE-D82D5F9CEDFD} = {355E718B-8DCA-4B7A-9CC1-3C7682D16C6F}
		{B740D3DF-5536-4915-9FBE-86B46E853F9D} = {7F9EA143-273B-4E3B-A7A2-F2D2808C8429}
		{4B3D67E5-8CA6-4220-8780-5DD696EB1821} = {0DEB871E-8323-4D8B-BAC0-9C5C6D2C5642}
		{44F3091B-AA0E-463C-8680-84E786218750} = {0DEB871E-8323-4D8B-BAC0-9C5C6D2C5642}
		{A2173BE2-4F86-4D89-B759-C1289398620E} = {0DEB871E-8323-4D8B-BAC0-9C5C6D2C5642}
		{549E8DFE-68DD-4C8C-9291-1C4562A9CB0F} = {4276D2C4-C53F-431C-A82A-CE8F1DD3CF26}
		{46496D7A-04A9-431F-9A7C-EBB8AFEEE11E} = {4276D2C4-C53F-431C-A82A-CE8F1DD3CF26}
		{BA22AFD7-2144-4F0D-A1FF-0D1EA86C8D3F} = {549E8DFE-68DD-4C8C-9291-1C4562A9CB0F}
		{C4CB4F82-733E-4C83-9B84-0B597D6699AD} = {2BA9B801-8F58-4B63-B289-20A71566348B}
		{C292422A-6914-4953-8657-DF6C1C898316} = {549E8DFE-68DD-4C8C-9291-1C4562A9CB0F}
		{B4D9C398-6A23-4C8D-945B-5133C5D58961} = {30908097-8334-437B-9361-E0ED1F5FBE36}
		{4006EE9B-F96D-40F8-92E8-FCB9CF1EFB05} = {46496D7A-04A9-431F-9A7C-EBB8AFEEE11E}
		{1AFDD4F3-1326-47A1-95AB-F73814AF1FAB} = {2BA9B801-8F58-4B63-B289-20A71566348B}
		{91CE9CE1-3FB7-4699-970C-9F95CFC8B586} = {46496D7A-04A9-431F-9A7C-EBB8AFEEE11E}
	EndGlobalSection
	GlobalSection(ExtensibilityGlobals) = postSolution
		SolutionGuid = {F64AAF0D-1C1A-412B-A5CD-16337CEC1B05}
	EndGlobalSection
EndGlobal
